#MicroXplorer Configuration settings - do not modify
ADC2.Channel-0\#ChannelRegularConversion=ADC_CHANNEL_1
ADC2.IPParameters=Rank-0\#ChannelRegularConversion,Channel-0\#ChannelRegularConversion,SamplingTime-0\#ChannelRegularConversion,OffsetNumber-0\#ChannelRegularConversion,Offset-0\#ChannelRegularConversion,NbrOfConversionFlag
ADC2.NbrOfConversionFlag=1
ADC2.Offset-0\#ChannelRegularConversion=0
ADC2.OffsetNumber-0\#ChannelRegularConversion=ADC_OFFSET_NONE
ADC2.Rank-0\#ChannelRegularConversion=1
ADC2.SamplingTime-0\#ChannelRegularConversion=ADC_SAMPLETIME_1CYCLE_5
Dma.Request0=USART1_RX
Dma.Request1=USART1_TX
Dma.Request2=USART2_RX
Dma.Request3=USART2_TX
Dma.Request4=TIM2_UP
Dma.Request5=USART3_RX
Dma.Request6=SPI3_RX
Dma.Request7=SPI3_TX
Dma.RequestsNb=8
Dma.SPI3_RX.6.Direction=DMA_PERIPH_TO_MEMORY
Dma.SPI3_RX.6.Instance=DMA2_Channel1
Dma.SPI3_RX.6.MemDataAlignment=DMA_MDATAALIGN_BYTE
Dma.SPI3_RX.6.MemInc=DMA_MINC_ENABLE
Dma.SPI3_RX.6.Mode=DMA_NORMAL
Dma.SPI3_RX.6.PeriphDataAlignment=DMA_PDATAALIGN_BYTE
Dma.SPI3_RX.6.PeriphInc=DMA_PINC_DISABLE
Dma.SPI3_RX.6.Priority=DMA_PRIORITY_LOW
Dma.SPI3_RX.6.RequestParameters=Instance,Direction,PeriphInc,MemInc,PeriphDataAlignment,MemDataAlignment,Mode,Priority
Dma.SPI3_TX.7.Direction=DMA_MEMORY_TO_PERIPH
Dma.SPI3_TX.7.Instance=DMA2_Channel2
Dma.SPI3_TX.7.MemDataAlignment=DMA_MDATAALIGN_BYTE
Dma.SPI3_TX.7.MemInc=DMA_MINC_ENABLE
Dma.SPI3_TX.7.Mode=DMA_NORMAL
Dma.SPI3_TX.7.PeriphDataAlignment=DMA_PDATAALIGN_BYTE
Dma.SPI3_TX.7.PeriphInc=DMA_PINC_DISABLE
Dma.SPI3_TX.7.Priority=DMA_PRIORITY_LOW
Dma.SPI3_TX.7.RequestParameters=Instance,Direction,PeriphInc,MemInc,PeriphDataAlignment,MemDataAlignment,Mode,Priority
Dma.TIM2_UP.4.Direction=DMA_PERIPH_TO_MEMORY
Dma.TIM2_UP.4.Instance=DMA1_Channel2
Dma.TIM2_UP.4.MemDataAlignment=DMA_MDATAALIGN_WORD
Dma.TIM2_UP.4.MemInc=DMA_MINC_ENABLE
Dma.TIM2_UP.4.Mode=DMA_NORMAL
Dma.TIM2_UP.4.PeriphDataAlignment=DMA_PDATAALIGN_WORD
Dma.TIM2_UP.4.PeriphInc=DMA_PINC_DISABLE
Dma.TIM2_UP.4.Priority=DMA_PRIORITY_LOW
Dma.TIM2_UP.4.RequestParameters=Instance,Direction,PeriphInc,MemInc,PeriphDataAlignment,MemDataAlignment,Mode,Priority
Dma.USART1_RX.0.Direction=DMA_PERIPH_TO_MEMORY
Dma.USART1_RX.0.Instance=DMA1_Channel5
Dma.USART1_RX.0.MemDataAlignment=DMA_MDATAALIGN_BYTE
Dma.USART1_RX.0.MemInc=DMA_MINC_ENABLE
Dma.USART1_RX.0.Mode=DMA_NORMAL
Dma.USART1_RX.0.PeriphDataAlignment=DMA_PDATAALIGN_BYTE
Dma.USART1_RX.0.PeriphInc=DMA_PINC_DISABLE
Dma.USART1_RX.0.Priority=DMA_PRIORITY_LOW
Dma.USART1_RX.0.RequestParameters=Instance,Direction,PeriphInc,MemInc,PeriphDataAlignment,MemDataAlignment,Mode,Priority
Dma.USART1_TX.1.Direction=DMA_MEMORY_TO_PERIPH
Dma.USART1_TX.1.Instance=DMA1_Channel4
Dma.USART1_TX.1.MemDataAlignment=DMA_MDATAALIGN_BYTE
Dma.USART1_TX.1.MemInc=DMA_MINC_ENABLE
Dma.USART1_TX.1.Mode=DMA_NORMAL
Dma.USART1_TX.1.PeriphDataAlignment=DMA_PDATAALIGN_BYTE
Dma.USART1_TX.1.PeriphInc=DMA_PINC_DISABLE
Dma.USART1_TX.1.Priority=DMA_PRIORITY_LOW
Dma.USART1_TX.1.RequestParameters=Instance,Direction,PeriphInc,MemInc,PeriphDataAlignment,MemDataAlignment,Mode,Priority
Dma.USART2_RX.2.Direction=DMA_PERIPH_TO_MEMORY
Dma.USART2_RX.2.Instance=DMA1_Channel6
Dma.USART2_RX.2.MemDataAlignment=DMA_MDATAALIGN_BYTE
Dma.USART2_RX.2.MemInc=DMA_MINC_ENABLE
Dma.USART2_RX.2.Mode=DMA_NORMAL
Dma.USART2_RX.2.PeriphDataAlignment=DMA_PDATAALIGN_BYTE
Dma.USART2_RX.2.PeriphInc=DMA_PINC_DISABLE
Dma.USART2_RX.2.Priority=DMA_PRIORITY_LOW
Dma.USART2_RX.2.RequestParameters=Instance,Direction,PeriphInc,MemInc,PeriphDataAlignment,MemDataAlignment,Mode,Priority
Dma.USART2_TX.3.Direction=DMA_MEMORY_TO_PERIPH
Dma.USART2_TX.3.Instance=DMA1_Channel7
Dma.USART2_TX.3.MemDataAlignment=DMA_MDATAALIGN_BYTE
Dma.USART2_TX.3.MemInc=DMA_MINC_ENABLE
Dma.USART2_TX.3.Mode=DMA_NORMAL
Dma.USART2_TX.3.PeriphDataAlignment=DMA_PDATAALIGN_BYTE
Dma.USART2_TX.3.PeriphInc=DMA_PINC_DISABLE
Dma.USART2_TX.3.Priority=DMA_PRIORITY_LOW
Dma.USART2_TX.3.RequestParameters=Instance,Direction,PeriphInc,MemInc,PeriphDataAlignment,MemDataAlignment,Mode,Priority
Dma.USART3_RX.5.Direction=DMA_PERIPH_TO_MEMORY
Dma.USART3_RX.5.Instance=DMA1_Channel3
Dma.USART3_RX.5.MemDataAlignment=DMA_MDATAALIGN_BYTE
Dma.USART3_RX.5.MemInc=DMA_MINC_ENABLE
Dma.USART3_RX.5.Mode=DMA_NORMAL
Dma.USART3_RX.5.PeriphDataAlignment=DMA_PDATAALIGN_BYTE
Dma.USART3_RX.5.PeriphInc=DMA_PINC_DISABLE
Dma.USART3_RX.5.Priority=DMA_PRIORITY_LOW
Dma.USART3_RX.5.RequestParameters=Instance,Direction,PeriphInc,MemInc,PeriphDataAlignment,MemDataAlignment,Mode,Priority
File.Version=6
KeepUserPlacement=false
Mcu.Family=STM32F3
Mcu.IP0=ADC2
Mcu.IP1=DMA
Mcu.IP10=TIM15
Mcu.IP11=USART1
Mcu.IP12=USART2
Mcu.IP13=USART3
Mcu.IP2=I2C1
Mcu.IP3=NVIC
Mcu.IP4=RCC
Mcu.IP5=SPI3
Mcu.IP6=SYS
Mcu.IP7=TIM1
Mcu.IP8=TIM2
Mcu.IP9=TIM4
Mcu.IPNb=14
Mcu.Name=STM32F302C(B-C)Tx
Mcu.Package=LQFP48
Mcu.Pin0=PC13
Mcu.Pin1=PC14-OSC32_IN
Mcu.Pin10=PA5
Mcu.Pin11=PB10
Mcu.Pin12=PB11
Mcu.Pin13=PB14
Mcu.Pin14=PB15
Mcu.Pin15=PA8
Mcu.Pin16=PA9
Mcu.Pin17=PA10
Mcu.Pin18=PA11
Mcu.Pin19=PA12
Mcu.Pin2=PC15-OSC32_OUT
Mcu.Pin20=PA13
Mcu.Pin21=PA14
Mcu.Pin22=PA15
Mcu.Pin23=PB3
Mcu.Pin24=PB4
Mcu.Pin25=PB5
Mcu.Pin26=PB6
Mcu.Pin27=PB7
Mcu.Pin28=PB8
Mcu.Pin29=PB9
Mcu.Pin3=PF0-OSC_IN
Mcu.Pin30=VP_SYS_VS_Systick
Mcu.Pin4=PF1-OSC_OUT
Mcu.Pin5=PA0
Mcu.Pin6=PA1
Mcu.Pin7=PA2
Mcu.Pin8=PA3
Mcu.Pin9=PA4
Mcu.PinsNb=31
Mcu.ThirdPartyNb=0
Mcu.UserConstants=
Mcu.UserName=STM32F302CBTx
MxCube.Version=4.25.0
MxDb.Version=DB.4.0.250
NVIC.BusFault_IRQn=true\:0\:0\:false\:false\:true\:false
NVIC.DMA1_Channel2_IRQn=true\:0\:0\:false\:false\:true\:false
NVIC.DMA1_Channel3_IRQn=true\:0\:0\:false\:false\:true\:false
NVIC.DMA1_Channel4_IRQn=true\:0\:0\:false\:false\:true\:false
NVIC.DMA1_Channel5_IRQn=true\:0\:0\:false\:false\:true\:false
NVIC.DMA1_Channel6_IRQn=true\:0\:0\:false\:false\:true\:false
NVIC.DMA1_Channel7_IRQn=true\:0\:0\:false\:false\:true\:false
NVIC.DMA2_Channel1_IRQn=true\:0\:0\:false\:false\:true\:false
NVIC.DMA2_Channel2_IRQn=true\:0\:0\:false\:false\:true\:false
NVIC.DebugMonitor_IRQn=true\:0\:0\:false\:false\:true\:false
NVIC.HardFault_IRQn=true\:0\:0\:false\:false\:true\:false
NVIC.MemoryManagement_IRQn=true\:0\:0\:false\:false\:true\:false
NVIC.NonMaskableInt_IRQn=true\:0\:0\:false\:false\:true\:false
NVIC.PendSV_IRQn=true\:0\:0\:false\:false\:true\:false
NVIC.PriorityGroup=NVIC_PRIORITYGROUP_4
NVIC.SVCall_IRQn=true\:0\:0\:false\:false\:true\:false
NVIC.SysTick_IRQn=true\:0\:0\:false\:false\:true\:false
NVIC.UsageFault_IRQn=true\:0\:0\:false\:false\:true\:false
PA0.GPIOParameters=GPIO_Label
PA0.GPIO_Label=M1 (TIM2_CH1)
PA0.Signal=S_TIM2_CH1_ETR
PA1.GPIOParameters=GPIO_Label
PA1.GPIO_Label=M2 (TIM2_CH2)
PA1.Signal=S_TIM2_CH2
PA10.GPIOParameters=GPIO_Label
PA10.GPIO_Label=M4 (TIM2_CH4)
PA10.Signal=S_TIM2_CH4
PA11.GPIOParameters=GPIO_Label
PA11.GPIO_Label=IMU_INT (TIM4_CH1)
PA11.Locked=true
PA11.Signal=S_TIM4_CH1
PA12.GPIOParameters=GPIO_Label
PA12.GPIO_Label=BAR_INT (TIM4_CH2)
PA12.Locked=true
PA12.Signal=S_TIM4_CH2
PA13.Mode=Serial_Wire
PA13.Signal=SYS_JTMS-SWDIO
PA14.Mode=Serial_Wire
PA14.Signal=SYS_JTCK-SWCLK
PA15.GPIOParameters=GPIO_Label
PA15.GPIO_Label=BUZZER ON/OFF
PA15.Locked=true
PA15.Signal=GPIO_Output
PA2.GPIOParameters=GPIO_Label
PA2.GPIO_Label=F.Port (USART2_TX)
PA2.Mode=Asynchronous
PA2.Signal=USART2_TX
PA3.GPIOParameters=GPIO_Label
PA3.GPIO_Label=F.Port (USART2_RX)
PA3.Mode=Asynchronous
PA3.Signal=USART2_RX
PA4.Mode=IN1-Single-Ended
PA4.Signal=ADC2_IN1
PA5.Mode=IN2-Single-Ended
PA5.Signal=ADC2_IN2
PA8.GPIOParameters=GPIO_Label
PA8.GPIO_Label=HEATER (TIM1_CH1)
PA8.Signal=S_TIM1_CH1
PA9.GPIOParameters=GPIO_Label
PA9.GPIO_Label=M3 (TIM2_CH3)
PA9.Signal=S_TIM2_CH3
PB10.GPIOParameters=GPIO_Label
PB10.GPIO_Label=UNUSED (USART3_TX)
PB10.Mode=Asynchronous
PB10.Signal=USART3_TX
PB11.GPIOParameters=GPIO_Label
PB11.GPIO_Label=ESC_TLM (USART3_RX)
PB11.Mode=Asynchronous
PB11.Signal=USART3_RX
PB14.GPIOParameters=GPIO_Label
PB14.GPIO_Label=IMU_CS
PB14.Locked=true
PB14.Signal=GPIO_Output
PB15.GPIOParameters=GPIO_Label
PB15.GPIO_Label=LED (TIM15_CH2)
PB15.Locked=true
PB15.Signal=S_TIM15_CH2
PB3.Mode=Full_Duplex_Master
PB3.Signal=SPI3_SCK
PB4.Mode=Full_Duplex_Master
PB4.Signal=SPI3_MISO
PB5.Mode=Full_Duplex_Master
PB5.Signal=SPI3_MOSI
PB6.Mode=Asynchronous
PB6.Signal=USART1_TX
PB7.Mode=Asynchronous
PB7.Signal=USART1_RX
PB8.Mode=I2C
PB8.Signal=I2C1_SCL
PB9.Mode=I2C
PB9.Signal=I2C1_SDA
PC13.GPIOParameters=GPIO_Label
PC13.GPIO_Label=FLASH_CS
PC13.Locked=true
PC13.Signal=GPIO_Output
PC14-OSC32_IN.GPIOParameters=GPIO_Label
PC14-OSC32_IN.GPIO_Label=FLASH_HOLD
PC14-OSC32_IN.Locked=true
PC14-OSC32_IN.Signal=GPIO_Output
PC15-OSC32_OUT.GPIOParameters=GPIO_Label
PC15-OSC32_OUT.GPIO_Label=BAR_CS
PC15-OSC32_OUT.Locked=true
PC15-OSC32_OUT.Signal=GPIO_Output
PCC.Checker=false
PCC.Line=STM32F302
PCC.MCU=STM32F302C(B-C)Tx
PCC.PartNumber=STM32F302CBTx
PCC.Seq0=0
PCC.Series=STM32F3
PCC.Temperature=25
PCC.Vdd=3.6
PF0-OSC_IN.Mode=HSE-External-Oscillator
PF0-OSC_IN.Signal=RCC_OSC_IN
PF1-OSC_OUT.Mode=HSE-External-Oscillator
PF1-OSC_OUT.Signal=RCC_OSC_OUT
PinOutPanel.RotationAngle=0
RCC.ADC12outputFreq_Value=72000000
RCC.AHBFreq_Value=72000000
RCC.APB1CLKDivider=RCC_HCLK_DIV2
RCC.APB1Freq_Value=36000000
RCC.APB1TimFreq_Value=72000000
RCC.APB2Freq_Value=72000000
RCC.APB2TimFreq_Value=72000000
RCC.CortexFreq_Value=9000000
RCC.Cortex_Div=SYSTICK_CLKSOURCE_HCLK_DIV8
RCC.FCLKCortexFreq_Value=72000000
RCC.FamilyName=M
RCC.HCLKFreq_Value=72000000
RCC.HSEPLLFreq_Value=8000000
RCC.HSE_VALUE=16000000
RCC.HSIPLLFreq_Value=4000000
RCC.HSI_VALUE=8000000
RCC.I2C1Freq_Value=8000000
RCC.I2C2Freq_Value=8000000
RCC.IPParameters=ADC12outputFreq_Value,AHBFreq_Value,APB1CLKDivider,APB1Freq_Value,APB1TimFreq_Value,APB2Freq_Value,APB2TimFreq_Value,CortexFreq_Value,Cortex_Div,FCLKCortexFreq_Value,FamilyName,HCLKFreq_Value,HSEPLLFreq_Value,HSE_VALUE,HSIPLLFreq_Value,HSI_VALUE,I2C1Freq_Value,I2C2Freq_Value,LSE_VALUE,LSI_VALUE,MCOFreq_Value,PLLCLKFreq_Value,PLLMCOFreq_Value,PLLMUL,PLLSourceVirtual,RCC_PLLsource_Clock_Source_FROM_HSE,RTCFreq_Value,RTCHSEDivFreq_Value,SYSCLKFreq_VALUE,SYSCLKSourceVirtual,TIM1Freq_Value,TIM2Freq_Value,USART1Freq_Value,USART2Freq_Value,USART3Freq_Value,USBFreq_Value,Usart1ClockSelection,Usart2ClockSelection,Usart3ClockSelection,VCOOutput2Freq_Value
RCC.LSE_VALUE=32768
RCC.LSI_VALUE=40000
RCC.MCOFreq_Value=72000000
RCC.PLLCLKFreq_Value=72000000
RCC.PLLMCOFreq_Value=36000000
RCC.PLLMUL=RCC_PLL_MUL9
RCC.PLLSourceVirtual=RCC_PLLSOURCE_HSE
RCC.RCC_PLLsource_Clock_Source_FROM_HSE=RCC_HSE_PREDIV_DIV2
RCC.RTCFreq_Value=40000
RCC.RTCHSEDivFreq_Value=500000
RCC.SYSCLKFreq_VALUE=72000000
RCC.SYSCLKSourceVirtual=RCC_SYSCLKSOURCE_PLLCLK
RCC.TIM1Freq_Value=72000000
RCC.TIM2Freq_Value=72000000
RCC.USART1Freq_Value=72000000
RCC.USART2Freq_Value=72000000
RCC.USART3Freq_Value=72000000
RCC.USBFreq_Value=72000000
RCC.Usart1ClockSelection=RCC_USART1CLKSOURCE_SYSCLK
RCC.Usart2ClockSelection=RCC_USART2CLKSOURCE_SYSCLK
RCC.Usart3ClockSelection=RCC_USART3CLKSOURCE_SYSCLK
RCC.VCOOutput2Freq_Value=8000000
SH.S_TIM15_CH2.0=TIM15_CH2,PWM Generation2 CH2
SH.S_TIM15_CH2.ConfNb=1
SH.S_TIM1_CH1.0=TIM1_CH1,PWM Generation1 CH1
SH.S_TIM1_CH1.ConfNb=1
SH.S_TIM2_CH1_ETR.0=TIM2_CH1,PWM Generation1 CH1
SH.S_TIM2_CH1_ETR.ConfNb=1
SH.S_TIM2_CH2.0=TIM2_CH2,PWM Generation2 CH2
SH.S_TIM2_CH2.ConfNb=1
SH.S_TIM2_CH3.0=TIM2_CH3,PWM Generation3 CH3
SH.S_TIM2_CH3.ConfNb=1
SH.S_TIM2_CH4.0=TIM2_CH4,PWM Generation4 CH4
SH.S_TIM2_CH4.ConfNb=1
SH.S_TIM4_CH1.0=TIM4_CH1,Input_Capture1_from_TI1
SH.S_TIM4_CH1.ConfNb=1
SH.S_TIM4_CH2.0=TIM4_CH2,Input_Capture2_from_TI2
SH.S_TIM4_CH2.ConfNb=1
SPI3.BaudRatePrescaler=SPI_BAUDRATEPRESCALER_4
SPI3.CalculateBaudRate=9.0 MBits/s
SPI3.Direction=SPI_DIRECTION_2LINES
SPI3.IPParameters=VirtualType,Mode,Direction,CalculateBaudRate,BaudRatePrescaler
SPI3.Mode=SPI_MODE_MASTER
SPI3.VirtualType=VM_MASTER
TIM1.Channel-PWM\ Generation1\ CH1=TIM_CHANNEL_1
TIM1.IPParameters=Channel-PWM Generation1 CH1
TIM15.Channel-PWM\ Generation2\ CH2=TIM_CHANNEL_2
TIM15.IPParameters=Channel-PWM Generation2 CH2
TIM2.Channel-PWM\ Generation1\ CH1=TIM_CHANNEL_1
TIM2.Channel-PWM\ Generation2\ CH2=TIM_CHANNEL_2
TIM2.Channel-PWM\ Generation3\ CH3=TIM_CHANNEL_3
TIM2.Channel-PWM\ Generation4\ CH4=TIM_CHANNEL_4
TIM2.IPParameters=Channel-PWM Generation4 CH4,Channel-PWM Generation3 CH3,Channel-PWM Generation2 CH2,Channel-PWM Generation1 CH1
TIM4.Channel-Input_Capture1_from_TI1=TIM_CHANNEL_1
TIM4.Channel-Input_Capture2_from_TI2=TIM_CHANNEL_2
TIM4.IPParameters=Channel-Input_Capture1_from_TI1,Channel-Input_Capture2_from_TI2
USART1.IPParameters=VirtualMode-Asynchronous
USART1.VirtualMode-Asynchronous=VM_ASYNC
USART2.IPParameters=VirtualMode-Asynchronous
USART2.VirtualMode-Asynchronous=VM_ASYNC
USART3.IPParameters=VirtualMode-Asynchronous
USART3.VirtualMode-Asynchronous=VM_ASYNC
VP_SYS_VS_Systick.Mode=SysTick
VP_SYS_VS_Systick.Signal=SYS_VS_Systick
